filippo.io/edwards25519 v1.1.0 h1:FNf4tywRC1HmFuKW5xopWpigGjJKiJSV0Cqo0cJWDaA=
filippo.io/edwards25519 v1.1.0/go.mod h1:BxyFTGdWcka3PhytdK4V28tE5sGfRvvvRV7EaN4VDT4=
github.com/go-sql-driver/mysql v1.9.1 h1:FrjNGn/BsJQjVRuSa8CBrM5BWA9BWoXXat3KrtSb/iI=
github.com/go-sql-driver/mysql v1.9.1/go.mod h1:qn46aNg1333BRMNU69Lq93t8du/dwxI64Gl8i5p1WMU=
github.com/go-sql-driver/mysql v1.9.2 h1:4cNKDYQ1I84SXslGddlsrMhc8k4LeDVj6Ad6WRjiHuU=
github.com/go-sql-driver/mysql v1.9.2/go.mod h1:qn46aNg1333BRMNU69Lq93t8du/dwxI64Gl8i5p1WMU=
github.com/google/uuid v1.6.0 h1:NIvaJDMOsjHA8n1jAhLSgzrAzy1Hgr+hNrb57e+94F0=
github.com/google/uuid v1.6.0/go.mod h1:TIyPZe4MgqvfeYDBFedMoGGpEw/LqOeaOT+nhxU+yHo=
github.com/tdeslauriers/carapace v0.1.36 h1:bfvqNK4b1bbiVoPdXWtuL5dIQQT9MJy1BfPMs0XKur4=
github.com/tdeslauriers/carapace v0.1.36/go.mod h1:L+wBCKttfgr6RaZxMWm6F/BXdAlRMquUeOCQyFgp9GM=
github.com/tdeslauriers/carapace v0.1.39 h1:3Hv2oPu02sCXZFXhtvEl5l3zBZIiBnMR0+rfVnrIlIU=
github.com/tdeslauriers/carapace v0.1.39/go.mod h1:L+wBCKttfgr6RaZxMWm6F/BXdAlRMquUeOCQyFgp9GM=
github.com/tdeslauriers/carapace v0.1.40 h1:aTI9eaGyJqA7Fp7JPcLQdUDLRJa7FCzbK5OcfKtmdcE=
github.com/tdeslauriers/carapace v0.1.40/go.mod h1:L+wBCKttfgr6RaZxMWm6F/BXdAlRMquUeOCQyFgp9GM=
github.com/tdeslauriers/carapace v0.1.41 h1:/aj/BMMsxU8q1cUvmApdnz7rPLCAvX3Lp3Zaq4nIp4Y=
github.com/tdeslauriers/carapace v0.1.41/go.mod h1:L+wBCKttfgr6RaZxMWm6F/BXdAlRMquUeOCQyFgp9GM=
github.com/tdeslauriers/carapace v0.1.42 h1:85irRWWT6aiMi+XIrUBFhx/abJqQZlW+eVK9SLm6Jzk=
github.com/tdeslauriers/carapace v0.1.42/go.mod h1:L+wBCKttfgr6RaZxMWm6F/BXdAlRMquUeOCQyFgp9GM=
github.com/tdeslauriers/carapace v0.1.43 h1:Qah88G15O2PA5twFth28G7ijG1pXhD3oomaaq2r7t5Y=
github.com/tdeslauriers/carapace v0.1.43/go.mod h1:L+wBCKttfgr6RaZxMWm6F/BXdAlRMquUeOCQyFgp9GM=
github.com/tdeslauriers/carapace v0.1.44 h1:yiMQN8skl2xE7I2WByvPqs7Nk8TyorKEzELNEi+b0V8=
github.com/tdeslauriers/carapace v0.1.44/go.mod h1:L+wBCKttfgr6RaZxMWm6F/BXdAlRMquUeOCQyFgp9GM=
github.com/tdeslauriers/carapace v0.1.45 h1:QmRNNXdNAzxzD8VnzjFON4YZ8gS7m9WS27MAnZfS3Qk=
github.com/tdeslauriers/carapace v0.1.45/go.mod h1:L+wBCKttfgr6RaZxMWm6F/BXdAlRMquUeOCQyFgp9GM=
github.com/tdeslauriers/carapace v0.1.46 h1:yhShcV0AojZEZ+Y+KiF0S20xaZqumOGTMSlni21ctvs=
github.com/tdeslauriers/carapace v0.1.46/go.mod h1:L+wBCKttfgr6RaZxMWm6F/BXdAlRMquUeOCQyFgp9GM=
github.com/tdeslauriers/carapace v0.1.47 h1:+qVgJ0EOTioWRK53H3DBhPkPsJGrFK1SJijP/Q2IoOc=
github.com/tdeslauriers/carapace v0.1.47/go.mod h1:L+wBCKttfgr6RaZxMWm6F/BXdAlRMquUeOCQyFgp9GM=
github.com/tdeslauriers/carapace v0.1.48 h1:ioPm6ujUKnbGbCQE4QS90/TNl7deUI7HhAuDKqSD9g4=
github.com/tdeslauriers/carapace v0.1.48/go.mod h1:L+wBCKttfgr6RaZxMWm6F/BXdAlRMquUeOCQyFgp9GM=
github.com/tdeslauriers/carapace v0.1.50 h1:xPyGi0oxW2zcjoRUgXE4Rri6nlGXZgkZiTPr3AuqYxQ=
github.com/tdeslauriers/carapace v0.1.50/go.mod h1:L+wBCKttfgr6RaZxMWm6F/BXdAlRMquUeOCQyFgp9GM=
github.com/tdeslauriers/carapace v0.1.51 h1:3T7EPvNkWS2bUvSAOC5nKzT03g7xLFmKlsLCXmLFXSY=
github.com/tdeslauriers/carapace v0.1.51/go.mod h1:L+wBCKttfgr6RaZxMWm6F/BXdAlRMquUeOCQyFgp9GM=
github.com/tdeslauriers/carapace v0.1.52 h1:2FN1hqxE2iJAr2G/3+jQTyWgncdfI8YRWWPqC+1G5XM=
github.com/tdeslauriers/carapace v0.1.52/go.mod h1:L+wBCKttfgr6RaZxMWm6F/BXdAlRMquUeOCQyFgp9GM=
