filippo.io/edwards25519 v1.1.0 h1:FNf4tywRC1HmFuKW5xopWpigGjJKiJSV0Cqo0cJWDaA=
filippo.io/edwards25519 v1.1.0/go.mod h1:BxyFTGdWcka3PhytdK4V28tE5sGfRvvvRV7EaN4VDT4=
github.com/go-sql-driver/mysql v1.9.3 h1:U/N249h2WzJ3Ukj8SowVFjdtZKfu9vlLZxjPXV1aweo=
github.com/go-sql-driver/mysql v1.9.3/go.mod h1:qn46aNg1333BRMNU69Lq93t8du/dwxI64Gl8i5p1WMU=
github.com/google/uuid v1.6.0 h1:NIvaJDMOsjHA8n1jAhLSgzrAzy1Hgr+hNrb57e+94F0=
github.com/google/uuid v1.6.0/go.mod h1:TIyPZe4MgqvfeYDBFedMoGGpEw/LqOeaOT+nhxU+yHo=
github.com/tdeslauriers/carapace v0.2.5 h1:aS/Rg8PMRZyaGBfRZSA6Yew0pTcm5pdfWzRlGI5T6AY=
github.com/tdeslauriers/carapace v0.2.5/go.mod h1:+cdlYmluAeCinzJ87qfpg3j8haqSMc4vwlYhAavJfBo=
github.com/tdeslauriers/carapace v0.2.6 h1:KJgZeu0s4DjKnnpidyB2bdq2IFKTlcGu2W6yfLKtQXA=
github.com/tdeslauriers/carapace v0.2.6/go.mod h1:+cdlYmluAeCinzJ87qfpg3j8haqSMc4vwlYhAavJfBo=
github.com/tdeslauriers/ran v0.1.2 h1:S/ejyAab5C/GEoRxWoXI8MM8yX1QywvOWYwDs951khs=
github.com/tdeslauriers/ran v0.1.2/go.mod h1:Fve+o4pceDwlQsIBI5bEWB/gCZ+2SzZ+CNepJhm4jDI=
github.com/tdeslauriers/shaw v0.1.2 h1:4VYTC1pszpAmwKlAUKS4xcYZ1WI/3An4m3SD5b/HTDw=
github.com/tdeslauriers/shaw v0.1.2/go.mod h1:8g2LurVGplFnUP4ZOoLxu9owcVz8rsbnANjt7axY0cU=
golang.org/x/net v0.48.0 h1:zyQRTTrjc33Lhh0fBgT/H3oZq9WuvRR5gPC70xpDiQU=
golang.org/x/net v0.48.0/go.mod h1:+ndRgGjkh8FGtu1w1FGbEC31if4VrNVMuKTgcAAnQRY=
